
Microsoft Visual Studio Solution File, Format Version 12.00
# Visual Studio Version 17
VisualStudioVersion = 17.6.33815.320
MinimumVisualStudioVersion = 10.0.40219.1
Project("{FAE04EC0-301F-11D3-BF4B-00C04F79EFBC}") = "Task 3.1P", "Task 3.1P\Task 3.1P.csproj", "{FE4E4083-CA8A-4D3C-B2D9-03914C7F2E4A}"
EndProject
Global
	GlobalSection(SolutionConfigurationPlatforms) = preSolution
		Debug|Any CPU = Debug|Any CPU
		Release|Any CPU = Release|Any CPU
	EndGlobalSection
	GlobalSection(ProjectConfigurationPlatforms) = postSolution
		{FE4E4083-CA8A-4D3C-B2D9-03914C7F2E4A}.Debug|Any CPU.ActiveCfg = Debug|Any CPU
		{FE4E4083-CA8A-4D3C-B2D9-03914C7F2E4A}.Debug|Any CPU.Build.0 = Debug|Any CPU
		{FE4E4083-CA8A-4D3C-B2D9-03914C7F2E4A}.Release|Any CPU.ActiveCfg = Release|Any CPU
		{FE4E4083-CA8A-4D3C-B2D9-03914C7F2E4A}.Release|Any CPU.Build.0 = Release|Any CPU
	EndGlobalSection
	GlobalSection(SolutionProperties) = preSolution
		HideSolutionNode = FALSE
	EndGlobalSection
	GlobalSection(ExtensibilityGlobals) = postSolution
		SolutionGuid = {F76F006A-C802-4A61-996F-A96E3D63FC28}
	EndGlobalSection
EndGlobal
